
Microsoft Visual Studio Solution File, Format Version 12.00
# Visual Studio 15
Project("{FAE04EC0-301F-11D3-BF4B-00C04F79EFBC}") = "Assembly-CSharp", "Assembly-CSharp.csproj", "{24C9197D-B97F-5659-AB41-856750C174B5}"
EndProject
Project("{FAE04EC0-301F-11D3-BF4B-00C04F79EFBC}") = "Assembly-CSharp-Editor", "Assembly-CSharp-Editor.csproj", "{20954410-EB4A-8B12-2279-DC09C5C17283}"
EndProject
Global
	GlobalSection(SolutionConfigurationPlatforms) = preSolution
		Debug|Any CPU = Debug|Any CPU
		Release|Any CPU = Release|Any CPU
	EndGlobalSection
	GlobalSection(ProjectConfigurationPlatforms) = postSolution
		{24C9197D-B97F-5659-AB41-856750C174B5}.Debug|Any CPU.ActiveCfg = Debug|Any CPU
		{24C9197D-B97F-5659-AB41-856750C174B5}.Debug|Any CPU.Build.0 = Debug|Any CPU
		{24C9197D-B97F-5659-AB41-856750C174B5}.Release|Any CPU.ActiveCfg = Release|Any CPU
		{24C9197D-B97F-5659-AB41-856750C174B5}.Release|Any CPU.Build.0 = Release|Any CPU
		{20954410-EB4A-8B12-2279-DC09C5C17283}.Debug|Any CPU.ActiveCfg = Debug|Any CPU
		{20954410-EB4A-8B12-2279-DC09C5C17283}.Debug|Any CPU.Build.0 = Debug|Any CPU
		{20954410-EB4A-8B12-2279-DC09C5C17283}.Release|Any CPU.ActiveCfg = Release|Any CPU
		{20954410-EB4A-8B12-2279-DC09C5C17283}.Release|Any CPU.Build.0 = Release|Any CPU
	EndGlobalSection
	GlobalSection(SolutionProperties) = preSolution
		HideSolutionNode = FALSE
	EndGlobalSection
EndGlobal
